// !$*UTF8*$!
{
	archiveVersion = 1;
	classes = {
	};
	objectVersion = 50;
	objects = {

/* Begin PBXBuildFile section */
		2A7C46AD251B9DE3008F5552 /* AppDelegate.swift in Sources */ = {isa = PBXBuildFile; fileRef = 2A7C46AC251B9DE3008F5552 /* AppDelegate.swift */; };
		2A7C46AF251B9DE3008F5552 /* SceneDelegate.swift in Sources */ = {isa = PBXBuildFile; fileRef = 2A7C46AE251B9DE3008F5552 /* SceneDelegate.swift */; };
		2A7C46B2251B9DE3008F5552 /* Day16.xcdatamodeld in Sources */ = {isa = PBXBuildFile; fileRef = 2A7C46B0251B9DE3008F5552 /* Day16.xcdatamodeld */; };
		2A7C46B4251B9DE3008F5552 /* ContentView.swift in Sources */ = {isa = PBXBuildFile; fileRef = 2A7C46B3251B9DE3008F5552 /* ContentView.swift */; };
		2A7C46B6251B9DE4008F5552 /* Assets.xcassets in Resources */ = {isa = PBXBuildFile; fileRef = 2A7C46B5251B9DE4008F5552 /* Assets.xcassets */; };
		2A7C46B9251B9DE4008F5552 /* Preview Assets.xcassets in Resources */ = {isa = PBXBuildFile; fileRef = 2A7C46B8251B9DE4008F5552 /* Preview Assets.xcassets */; };
		2A7C46BC251B9DE4008F5552 /* LaunchScreen.storyboard in Resources */ = {isa = PBXBuildFile; fileRef = 2A7C46BA251B9DE4008F5552 /* LaunchScreen.storyboard */; };
/* End PBXBuildFile section */

/* Begin PBXFileReference section */
		2A7C46A9251B9DE3008F5552 /* Day16.app */ = {isa = PBXFileReference; explicitFileType = wrapper.application; includeInIndex = 0; path = Day16.app; sourceTree = BUILT_PRODUCTS_DIR; };
		2A7C46AC251B9DE3008F5552 /* AppDelegate.swift */ = {isa = PBXFileReference; lastKnownFileType = sourcecode.swift; path = AppDelegate.swift; sourceTree = "<group>"; };
		2A7C46AE251B9DE3008F5552 /* SceneDelegate.swift */ = {isa = PBXFileReference; lastKnownFileType = sourcecode.swift; path = SceneDelegate.swift; sourceTree = "<group>"; };
		2A7C46B1251B9DE3008F5552 /* Day16.xcdatamodel */ = {isa = PBXFileReference; lastKnownFileType = wrapper.xcdatamodel; path = Day16.xcdatamodel; sourceTree = "<group>"; };
		2A7C46B3251B9DE3008F5552 /* ContentView.swift */ = {isa = PBXFileReference; lastKnownFileType = sourcecode.swift; path = ContentView.swift; sourceTree = "<group>"; };
		2A7C46B5251B9DE4008F5552 /* Assets.xcassets */ = {isa = PBXFileReference; lastKnownFileType = folder.assetcatalog; path = Assets.xcassets; sourceTree = "<group>"; };
		2A7C46B8251B9DE4008F5552 /* Preview Assets.xcassets */ = {isa = PBXFileReference; lastKnownFileType = folder.assetcatalog; path = "Preview Assets.xcassets"; sourceTree = "<group>"; };
		2A7C46BB251B9DE4008F5552 /* Base */ = {isa = PBXFileReference; lastKnownFileType = file.storyboard; name = Base; path = Base.lproj/LaunchScreen.storyboard; sourceTree = "<group>"; };
		2A7C46BD251B9DE4008F5552 /* Info.plist */ = {isa = PBXFileReference; lastKnownFileType = text.plist.xml; path = Info.plist; sourceTree = "<group>"; };
/* End PBXFileReference section */

/* Begin PBXFrameworksBuildPhase section */
		2A7C46A6251B9DE3008F5552 /* Frameworks */ = {
			isa = PBXFrameworksBuildPhase;
			buildActionMask = 2147483647;
			files = (
			);
			runOnlyForDeploymentPostprocessing = 0;
		};
/* End PBXFrameworksBuildPhase section */

/* Begin PBXGroup section */
		2A7C46A0251B9DE3008F5552 = {
			isa = PBXGroup;
			children = (
				2A7C46AB251B9DE3008F5552 /* Day16 */,
				2A7C46AA251B9DE3008F5552 /* Products */,
			);
			sourceTree = "<group>";
		};
		2A7C46AA251B9DE3008F5552 /* Products */ = {
			isa = PBXGroup;
			children = (
				2A7C46A9251B9DE3008F5552 /* Day16.app */,
			);
			name = Products;
			sourceTree = "<group>";
		};
		2A7C46AB251B9DE3008F5552 /* Day16 */ = {
			isa = PBXGroup;
			children = (
				2A7C46AC251B9DE3008F5552 /* AppDelegate.swift */,
				2A7C46AE251B9DE3008F5552 /* SceneDelegate.swift */,
				2A7C46B3251B9DE3008F5552 /* ContentView.swift */,
				2A7C46B5251B9DE4008F5552 /* Assets.xcassets */,
				2A7C46BA251B9DE4008F5552 /* LaunchScreen.storyboard */,
				2A7C46BD251B9DE4008F5552 /* Info.plist */,
				2A7C46B0251B9DE3008F5552 /* Day16.xcdatamodeld */,
				2A7C46B7251B9DE4008F5552 /* Preview Content */,
			);
			path = Day16;
			sourceTree = "<group>";
		};
		2A7C46B7251B9DE4008F5552 /* Preview Content */ = {
			isa = PBXGroup;
			children = (
				2A7C46B8251B9DE4008F5552 /* Preview Assets.xcassets */,
			);
			path = "Preview Content";
			sourceTree = "<group>";
		};
/* End PBXGroup section */

/* Begin PBXNativeTarget section */
		2A7C46A8251B9DE3008F5552 /* Day16 */ = {
			isa = PBXNativeTarget;
			buildConfigurationList = 2A7C46C0251B9DE4008F5552 /* Build configuration list for PBXNativeTarget "Day16" */;
			buildPhases = (
				2A7C46A5251B9DE3008F5552 /* Sources */,
				2A7C46A6251B9DE3008F5552 /* Frameworks */,
				2A7C46A7251B9DE3008F5552 /* Resources */,
			);
			buildRules = (
			);
			dependencies = (
			);
			name = Day16;
			productName = Day16;
			productReference = 2A7C46A9251B9DE3008F5552 /* Day16.app */;
			productType = "com.apple.product-type.application";
		};
/* End PBXNativeTarget section */

/* Begin PBXProject section */
		2A7C46A1251B9DE3008F5552 /* Project object */ = {
			isa = PBXProject;
			attributes = {
				LastSwiftUpdateCheck = 1170;
				LastUpgradeCheck = 1170;
				ORGANIZATIONNAME = "Melissa Poulsen";
				TargetAttributes = {
					2A7C46A8251B9DE3008F5552 = {
						CreatedOnToolsVersion = 11.7;
					};
				};
			};
			buildConfigurationList = 2A7C46A4251B9DE3008F5552 /* Build configuration list for PBXProject "Day16" */;
			compatibilityVersion = "Xcode 9.3";
			developmentRegion = en;
			hasScannedForEncodings = 0;
			knownRegions = (
				en,
				Base,
			);
			mainGroup = 2A7C46A0251B9DE3008F5552;
			productRefGroup = 2A7C46AA251B9DE3008F5552 /* Products */;
			projectDirPath = "";
			projectRoot = "";
			targets = (
				2A7C46A8251B9DE3008F5552 /* Day16 */,
			);
		};
/* End PBXProject section */

/* Begin PBXResourcesBuildPhase section */
		2A7C46A7251B9DE3008F5552 /* Resources */ = {
			isa = PBXResourcesBuildPhase;
			buildActionMask = 2147483647;
			files = (
				2A7C46BC251B9DE4008F5552 /* LaunchScreen.storyboard in Resources */,
				2A7C46B9251B9DE4008F5552 /* Preview Assets.xcassets in Resources */,
				2A7C46B6251B9DE4008F5552 /* Assets.xcassets in Resources */,
			);
			runOnlyForDeploymentPostprocessing = 0;
		};
/* End PBXResourcesBuildPhase section */

/* Begin PBXSourcesBuildPhase section */
		2A7C46A5251B9DE3008F5552 /* Sources */ = {
			isa = PBXSourcesBuildPhase;
			buildActionMask = 2147483647;
			files = (
				2A7C46B2251B9DE3008F5552 /* Day16.xcdatamodeld in Sources */,
				2A7C46AD251B9DE3008F5552 /* AppDelegate.swift in Sources */,
				2A7C46B4251B9DE3008F5552 /* ContentView.swift in Sources */,
				2A7C46AF251B9DE3008F5552 /* SceneDelegate.swift in Sources */,
			);
			runOnlyForDeploymentPostprocessing = 0;
		};
/* End PBXSourcesBuildPhase section */

/* Begin PBXVariantGroup section */
		2A7C46BA251B9DE4008F5552 /* LaunchScreen.storyboard */ = {
			isa = PBXVariantGroup;
			children = (
				2A7C46BB251B9DE4008F5552 /* Base */,
			);
			name = LaunchScreen.storyboard;
			sourceTree = "<group>";
		};
/* End PBXVariantGroup section */

/* Begin XCBuildConfiguration section */
		2A7C46BE251B9DE4008F5552 /* Debug */ = {
			isa = XCBuildConfiguration;
			buildSettings = {
				ALWAYS_SEARCH_USER_PATHS = NO;
				CLANG_ANALYZER_NONNULL = YES;
				CLANG_ANALYZER_NUMBER_OBJECT_CONVERSION = YES_AGGRESSIVE;
				CLANG_CXX_LANGUAGE_STANDARD = "gnu++14";
				CLANG_CXX_LIBRARY = "libc++";
				CLANG_ENABLE_MODULES = YES;
				CLANG_ENABLE_OBJC_ARC = YES;
				CLANG_ENABLE_OBJC_WEAK = YES;
				CLANG_WARN_BLOCK_CAPTURE_AUTORELEASING = YES;
				CLANG_WARN_BOOL_CONVERSION = YES;
				CLANG_WARN_COMMA = YES;
				CLANG_WARN_CONSTANT_CONVERSION = YES;
				CLANG_WARN_DEPRECATED_OBJC_IMPLEMENTATIONS = YES;
				CLANG_WARN_DIRECT_OBJC_ISA_USAGE = YES_ERROR;
				CLANG_WARN_DOCUMENTATION_COMMENTS = YES;
				CLANG_WARN_EMPTY_BODY = YES;
				CLANG_WARN_ENUM_CONVERSION = YES;
				CLANG_WARN_INFINITE_RECURSION = YES;
				CLANG_WARN_INT_CONVERSION = YES;
				CLANG_WARN_NON_LITERAL_NULL_CONVERSION = YES;
				CLANG_WARN_OBJC_IMPLICIT_RETAIN_SELF = YES;
				CLANG_WARN_OBJC_LITERAL_CONVERSION = YES;
				CLANG_WARN_OBJC_ROOT_CLASS = YES_ERROR;
				CLANG_WARN_RANGE_LOOP_ANALYSIS = YES;
				CLANG_WARN_STRICT_PROTOTYPES = YES;
				CLANG_WARN_SUSPICIOUS_MOVE = YES;
				CLANG_WARN_UNGUARDED_AVAILABILITY = YES_AGGRESSIVE;
				CLANG_WARN_UNREACHABLE_CODE = YES;
				CLANG_WARN__DUPLICATE_METHOD_MATCH = YES;
				COPY_PHASE_STRIP = NO;
				DEBUG_INFORMATION_FORMAT = dwarf;
				ENABLE_STRICT_OBJC_MSGSEND = YES;
				ENABLE_TESTABILITY = YES;
				GCC_C_LANGUAGE_STANDARD = gnu11;
				GCC_DYNAMIC_NO_PIC = NO;
				GCC_NO_COMMON_BLOCKS = YES;
				GCC_OPTIMIZATION_LEVEL = 0;
				GCC_PREPROCESSOR_DEFINITIONS = (
					"DEBUG=1",
					"$(inherited)",
				);
				GCC_WARN_64_TO_32_BIT_CONVERSION = YES;
				GCC_WARN_ABOUT_RETURN_TYPE = YES_ERROR;
				GCC_WARN_UNDECLARED_SELECTOR = YES;
				GCC_WARN_UNINITIALIZED_AUTOS = YES_AGGRESSIVE;
				GCC_WARN_UNUSED_FUNCTION = YES;
				GCC_WARN_UNUSED_VARIABLE = YES;
				IPHONEOS_DEPLOYMENT_TARGET = 13.7;
				MTL_ENABLE_DEBUG_INFO = INCLUDE_SOURCE;
				MTL_FAST_MATH = YES;
				ONLY_ACTIVE_ARCH = YES;
				SDKROOT = iphoneos;
				SWIFT_ACTIVE_COMPILATION_CONDITIONS = DEBUG;
				SWIFT_OPTIMIZATION_LEVEL = "-Onone";
			};
			name = Debug;
		};
		2A7C46BF251B9DE4008F5552 /* Release */ = {
			isa = XCBuildConfiguration;
			buildSettings = {
				ALWAYS_SEARCH_USER_PATHS = NO;
				CLANG_ANALYZER_NONNULL = YES;
				CLANG_ANALYZER_NUMBER_OBJECT_CONVERSION = YES_AGGRESSIVE;
				CLANG_CXX_LANGUAGE_STANDARD = "gnu++14";
				CLANG_CXX_LIBRARY = "libc++";
				CLANG_ENABLE_MODULES = YES;
				CLANG_ENABLE_OBJC_ARC = YES;
				CLANG_ENABLE_OBJC_WEAK = YES;
				CLANG_WARN_BLOCK_CAPTURE_AUTORELEASING = YES;
				CLANG_WARN_BOOL_CONVERSION = YES;
				CLANG_WARN_COMMA = YES;
				CLANG_WARN_CONSTANT_CONVERSION = YES;
				CLANG_WARN_DEPRECATED_OBJC_IMPLEMENTATIONS = YES;
				CLANG_WARN_DIRECT_OBJC_ISA_USAGE = YES_ERROR;
				CLANG_WARN_DOCUMENTATION_COMMENTS = YES;
				CLANG_WARN_EMPTY_BODY = YES;
				CLANG_WARN_ENUM_CONVERSION = YES;
				CLANG_WARN_INFINITE_RECURSION = YES;
				CLANG_WARN_INT_CONVERSION = YES;
				CLANG_WARN_NON_LITERAL_NULL_CONVERSION = YES;
				CLANG_WARN_OBJC_IMPLICIT_RETAIN_SELF = YES;
				CLANG_WARN_OBJC_LITERAL_CONVERSION = YES;
				CLANG_WARN_OBJC_ROOT_CLASS = YES_ERROR;
				CLANG_WARN_RANGE_LOOP_ANALYSIS = YES;
				CLANG_WARN_STRICT_PROTOTYPES = YES;
				CLANG_WARN_SUSPICIOUS_MOVE = YES;
				CLANG_WARN_UNGUARDED_AVAILABILITY = YES_AGGRESSIVE;
				CLANG_WARN_UNREACHABLE_CODE = YES;
				CLANG_WARN__DUPLICATE_METHOD_MATCH = YES;
				COPY_PHASE_STRIP = NO;
				DEBUG_INFORMATION_FORMAT = "dwarf-with-dsym";
				ENABLE_NS_ASSERTIONS = NO;
				ENABLE_STRICT_OBJC_MSGSEND = YES;
				GCC_C_LANGUAGE_STANDARD = gnu11;
				GCC_NO_COMMON_BLOCKS = YES;
				GCC_WARN_64_TO_32_BIT_CONVERSION = YES;
				GCC_WARN_ABOUT_RETURN_TYPE = YES_ERROR;
				GCC_WARN_UNDECLARED_SELECTOR = YES;
				GCC_WARN_UNINITIALIZED_AUTOS = YES_AGGRESSIVE;
				GCC_WARN_UNUSED_FUNCTION = YES;
				GCC_WARN_UNUSED_VARIABLE = YES;
				IPHONEOS_DEPLOYMENT_TARGET = 13.7;
				MTL_ENABLE_DEBUG_INFO = NO;
				MTL_FAST_MATH = YES;
				SDKROOT = iphoneos;
				SWIFT_COMPILATION_MODE = wholemodule;
				SWIFT_OPTIMIZATION_LEVEL = "-O";
				VALIDATE_PRODUCT = YES;
			};
			name = Release;
		};
		2A7C46C1251B9DE4008F5552 /* Debug */ = {
			isa = XCBuildConfiguration;
			buildSettings = {
				ASSETCATALOG_COMPILER_APPICON_NAME = AppIcon;
				CODE_SIGN_STYLE = Automatic;
				DEVELOPMENT_ASSET_PATHS = "\"Day16/Preview Content\"";
				ENABLE_PREVIEWS = YES;
				INFOPLIST_FILE = Day16/Info.plist;
				LD_RUNPATH_SEARCH_PATHS = (
					"$(inherited)",
					"@executable_path/Frameworks",
				);
				PRODUCT_BUNDLE_IDENTIFIER = "Melissa-Poulsen.Day16";
				PRODUCT_NAME = "$(TARGET_NAME)";
				SWIFT_VERSION = 5.0;
				TARGETED_DEVICE_FAMILY = "1,2";
			};
			name = Debug;
		};
		2A7C46C2251B9DE4008F5552 /* Release */ = {
			isa = XCBuildConfiguration;
			buildSettings = {
				ASSETCATALOG_COMPILER_APPICON_NAME = AppIcon;
				CODE_SIGN_STYLE = Automatic;
				DEVELOPMENT_ASSET_PATHS = "\"Day16/Preview Content\"";
				ENABLE_PREVIEWS = YES;
				INFOPLIST_FILE = Day16/Info.plist;
				LD_RUNPATH_SEARCH_PATHS = (
					"$(inherited)",
					"@executable_path/Frameworks",
				);
				PRODUCT_BUNDLE_IDENTIFIER = "Melissa-Poulsen.Day16";
				PRODUCT_NAME = "$(TARGET_NAME)";
				SWIFT_VERSION = 5.0;
				TARGETED_DEVICE_FAMILY = "1,2";
			};
			name = Release;
		};
/* End XCBuildConfiguration section */

/* Begin XCConfigurationList section */
		2A7C46A4251B9DE3008F5552 /* Build configuration list for PBXProject "Day16" */ = {
			isa = XCConfigurationList;
			buildConfigurations = (
				2A7C46BE251B9DE4008F5552 /* Debug */,
				2A7C46BF251B9DE4008F5552 /* Release */,
			);
			defaultConfigurationIsVisible = 0;
			defaultConfigurationName = Release;
		};
		2A7C46C0251B9DE4008F5552 /* Build configuration list for PBXNativeTarget "Day16" */ = {
			isa = XCConfigurationList;
			buildConfigurations = (
				2A7C46C1251B9DE4008F5552 /* Debug */,
				2A7C46C2251B9DE4008F5552 /* Release */,
			);
			defaultConfigurationIsVisible = 0;
			defaultConfigurationName = Release;
		};
/* End XCConfigurationList section */

/* Begin XCVersionGroup section */
		2A7C46B0251B9DE3008F5552 /* Day16.xcdatamodeld */ = {
			isa = XCVersionGroup;
			children = (
				2A7C46B1251B9DE3008F5552 /* Day16.xcdatamodel */,
			);
			currentVersion = 2A7C46B1251B9DE3008F5552 /* Day16.xcdatamodel */;
			path = Day16.xcdatamodeld;
			sourceTree = "<group>";
			versionGroupType = wrapper.xcdatamodel;
		};
/* End XCVersionGroup section */
	};
	rootObject = 2A7C46A1251B9DE3008F5552 /* Project object */;
}
